
Microsoft Visual Studio Solution File, Format Version 12.00
# Visual Studio Version 17
VisualStudioVersion = 17.11.35312.102
MinimumVisualStudioVersion = 10.0.40219.1
Project("{FAE04EC0-301F-11D3-BF4B-00C04F79EFBC}") = "TestTaskHyperQuant", "TestTaskHyperQuant\TestTaskHyperQuant.csproj", "{2659D931-D580-4011-A1D2-55CF6960CF1B}"
EndProject
Project("{FAE04EC0-301F-11D3-BF4B-00C04F79EFBC}") = "Connector", "Connector\Connector.csproj", "{9A0731DA-8E61-467F-ACAB-282D6D2A300B}"
EndProject
Project("{FAE04EC0-301F-11D3-BF4B-00C04F79EFBC}") = "Test", "Test\Test.csproj", "{43CCED84-0A12-4BBF-B7CB-409921D10061}"
EndProject
Global
	GlobalSection(SolutionConfigurationPlatforms) = preSolution
		Debug|Any CPU = Debug|Any CPU
		Release|Any CPU = Release|Any CPU
	EndGlobalSection
	GlobalSection(ProjectConfigurationPlatforms) = postSolution
		{2659D931-D580-4011-A1D2-55CF6960CF1B}.Debug|Any CPU.ActiveCfg = Debug|Any CPU
		{2659D931-D580-4011-A1D2-55CF6960CF1B}.Debug|Any CPU.Build.0 = Debug|Any CPU
		{2659D931-D580-4011-A1D2-55CF6960CF1B}.Release|Any CPU.ActiveCfg = Release|Any CPU
		{2659D931-D580-4011-A1D2-55CF6960CF1B}.Release|Any CPU.Build.0 = Release|Any CPU
		{9A0731DA-8E61-467F-ACAB-282D6D2A300B}.Debug|Any CPU.ActiveCfg = Debug|Any CPU
		{9A0731DA-8E61-467F-ACAB-282D6D2A300B}.Debug|Any CPU.Build.0 = Debug|Any CPU
		{9A0731DA-8E61-467F-ACAB-282D6D2A300B}.Release|Any CPU.ActiveCfg = Release|Any CPU
		{9A0731DA-8E61-467F-ACAB-282D6D2A300B}.Release|Any CPU.Build.0 = Release|Any CPU
		{43CCED84-0A12-4BBF-B7CB-409921D10061}.Debug|Any CPU.ActiveCfg = Debug|Any CPU
		{43CCED84-0A12-4BBF-B7CB-409921D10061}.Debug|Any CPU.Build.0 = Debug|Any CPU
		{43CCED84-0A12-4BBF-B7CB-409921D10061}.Release|Any CPU.ActiveCfg = Release|Any CPU
		{43CCED84-0A12-4BBF-B7CB-409921D10061}.Release|Any CPU.Build.0 = Release|Any CPU
	EndGlobalSection
	GlobalSection(SolutionProperties) = preSolution
		HideSolutionNode = FALSE
	EndGlobalSection
	GlobalSection(ExtensibilityGlobals) = postSolution
		SolutionGuid = {03BE4984-9A46-407A-88EE-342F22F2C9B8}
	EndGlobalSection
EndGlobal
